
Microsoft Visual Studio Solution File, Format Version 12.00
Project("{FAE04EC0-301F-11D3-BF4B-00C04F79EFBC}") = "Puzzles", "Puzzles\Puzzles.csproj", "{3FC8E6A5-78C4-4FDB-9B85-D0FFD8E32053}"
EndProject
Project("{FAE04EC0-301F-11D3-BF4B-00C04F79EFBC}") = "Tests", "Tests\Tests.csproj", "{1979B888-5DC8-4A6E-BA99-D37C4EF682B9}"
EndProject
Project("{2150E333-8FDC-42A3-9474-1A3956D46DE8}") = "_", "_", "{D52E1BD9-FC36-4F3A-BBF6-AFF986B6B4DC}"
	ProjectSection(SolutionItems) = preProject
		.gitignore = .gitignore
	EndProjectSection
EndProject
Global
	GlobalSection(SolutionConfigurationPlatforms) = preSolution
		Debug|Any CPU = Debug|Any CPU
		Release|Any CPU = Release|Any CPU
	EndGlobalSection
	GlobalSection(ProjectConfigurationPlatforms) = postSolution
		{3FC8E6A5-78C4-4FDB-9B85-D0FFD8E32053}.Debug|Any CPU.ActiveCfg = Debug|Any CPU
		{3FC8E6A5-78C4-4FDB-9B85-D0FFD8E32053}.Debug|Any CPU.Build.0 = Debug|Any CPU
		{3FC8E6A5-78C4-4FDB-9B85-D0FFD8E32053}.Release|Any CPU.ActiveCfg = Release|Any CPU
		{3FC8E6A5-78C4-4FDB-9B85-D0FFD8E32053}.Release|Any CPU.Build.0 = Release|Any CPU
		{1979B888-5DC8-4A6E-BA99-D37C4EF682B9}.Debug|Any CPU.ActiveCfg = Debug|Any CPU
		{1979B888-5DC8-4A6E-BA99-D37C4EF682B9}.Debug|Any CPU.Build.0 = Debug|Any CPU
		{1979B888-5DC8-4A6E-BA99-D37C4EF682B9}.Release|Any CPU.ActiveCfg = Release|Any CPU
		{1979B888-5DC8-4A6E-BA99-D37C4EF682B9}.Release|Any CPU.Build.0 = Release|Any CPU
	EndGlobalSection
EndGlobal
